
Microsoft Visual Studio Solution File, Format Version 11.00
# Visual Studio 2010
Project("{FAE04EC0-301F-11D3-BF4B-00C04F79EFBC}") = "TimingPublish", "TimingPublish\TimingPublish.csproj", "{1B80C62F-6656-4A44-8D0E-D7F1137F2B24}"
EndProject
Project("{FAE04EC0-301F-11D3-BF4B-00C04F79EFBC}") = "DAL", "DAL\DAL.csproj", "{CD4C350F-FE8F-4E7E-8A64-39BB089C8F2E}"
EndProject
Project("{FAE04EC0-301F-11D3-BF4B-00C04F79EFBC}") = "Model", "Model\Model.csproj", "{DF629BB8-81BC-4E78-80D3-5FF138BF92C3}"
EndProject
Global
	GlobalSection(SolutionConfigurationPlatforms) = preSolution
		Debug|Any CPU = Debug|Any CPU
		Debug|Mixed Platforms = Debug|Mixed Platforms
		Debug|x86 = Debug|x86
		Release|Any CPU = Release|Any CPU
		Release|Mixed Platforms = Release|Mixed Platforms
		Release|x86 = Release|x86
	EndGlobalSection
	GlobalSection(ProjectConfigurationPlatforms) = postSolution
		{1B80C62F-6656-4A44-8D0E-D7F1137F2B24}.Debug|Any CPU.ActiveCfg = Debug|x86
		{1B80C62F-6656-4A44-8D0E-D7F1137F2B24}.Debug|Mixed Platforms.ActiveCfg = Debug|x86
		{1B80C62F-6656-4A44-8D0E-D7F1137F2B24}.Debug|Mixed Platforms.Build.0 = Debug|x86
		{1B80C62F-6656-4A44-8D0E-D7F1137F2B24}.Debug|x86.ActiveCfg = Debug|x86
		{1B80C62F-6656-4A44-8D0E-D7F1137F2B24}.Debug|x86.Build.0 = Debug|x86
		{1B80C62F-6656-4A44-8D0E-D7F1137F2B24}.Release|Any CPU.ActiveCfg = Release|x86
		{1B80C62F-6656-4A44-8D0E-D7F1137F2B24}.Release|Mixed Platforms.ActiveCfg = Release|x86
		{1B80C62F-6656-4A44-8D0E-D7F1137F2B24}.Release|Mixed Platforms.Build.0 = Release|x86
		{1B80C62F-6656-4A44-8D0E-D7F1137F2B24}.Release|x86.ActiveCfg = Release|x86
		{1B80C62F-6656-4A44-8D0E-D7F1137F2B24}.Release|x86.Build.0 = Release|x86
		{CD4C350F-FE8F-4E7E-8A64-39BB089C8F2E}.Debug|Any CPU.ActiveCfg = Debug|Any CPU
		{CD4C350F-FE8F-4E7E-8A64-39BB089C8F2E}.Debug|Any CPU.Build.0 = Debug|Any CPU
		{CD4C350F-FE8F-4E7E-8A64-39BB089C8F2E}.Debug|Mixed Platforms.ActiveCfg = Debug|Any CPU
		{CD4C350F-FE8F-4E7E-8A64-39BB089C8F2E}.Debug|Mixed Platforms.Build.0 = Debug|Any CPU
		{CD4C350F-FE8F-4E7E-8A64-39BB089C8F2E}.Debug|x86.ActiveCfg = Debug|Any CPU
		{CD4C350F-FE8F-4E7E-8A64-39BB089C8F2E}.Release|Any CPU.ActiveCfg = Release|Any CPU
		{CD4C350F-FE8F-4E7E-8A64-39BB089C8F2E}.Release|Any CPU.Build.0 = Release|Any CPU
		{CD4C350F-FE8F-4E7E-8A64-39BB089C8F2E}.Release|Mixed Platforms.ActiveCfg = Release|Any CPU
		{CD4C350F-FE8F-4E7E-8A64-39BB089C8F2E}.Release|Mixed Platforms.Build.0 = Release|Any CPU
		{CD4C350F-FE8F-4E7E-8A64-39BB089C8F2E}.Release|x86.ActiveCfg = Release|Any CPU
		{DF629BB8-81BC-4E78-80D3-5FF138BF92C3}.Debug|Any CPU.ActiveCfg = Debug|Any CPU
		{DF629BB8-81BC-4E78-80D3-5FF138BF92C3}.Debug|Any CPU.Build.0 = Debug|Any CPU
		{DF629BB8-81BC-4E78-80D3-5FF138BF92C3}.Debug|Mixed Platforms.ActiveCfg = Debug|Any CPU
		{DF629BB8-81BC-4E78-80D3-5FF138BF92C3}.Debug|Mixed Platforms.Build.0 = Debug|Any CPU
		{DF629BB8-81BC-4E78-80D3-5FF138BF92C3}.Debug|x86.ActiveCfg = Debug|Any CPU
		{DF629BB8-81BC-4E78-80D3-5FF138BF92C3}.Release|Any CPU.ActiveCfg = Release|Any CPU
		{DF629BB8-81BC-4E78-80D3-5FF138BF92C3}.Release|Any CPU.Build.0 = Release|Any CPU
		{DF629BB8-81BC-4E78-80D3-5FF138BF92C3}.Release|Mixed Platforms.ActiveCfg = Release|Any CPU
		{DF629BB8-81BC-4E78-80D3-5FF138BF92C3}.Release|Mixed Platforms.Build.0 = Release|Any CPU
		{DF629BB8-81BC-4E78-80D3-5FF138BF92C3}.Release|x86.ActiveCfg = Release|Any CPU
	EndGlobalSection
	GlobalSection(SolutionProperties) = preSolution
		HideSolutionNode = FALSE
	EndGlobalSection
EndGlobal
